
Microsoft Visual Studio Solution File, Format Version 12.00
# Visual Studio Version 16
VisualStudioVersion = 16.0.30128.74
MinimumVisualStudioVersion = 10.0.40219.1
Project("{FAE04EC0-301F-11D3-BF4B-00C04F79EFBC}") = "gleintech.cfdi", "gleintech.cfdi\gleintech.cfdi.csproj", "{9A570C08-EC1E-4E6B-A60F-4FD57A56F08B}"
EndProject
Global
	GlobalSection(SolutionConfigurationPlatforms) = preSolution
		Debug|Any CPU = Debug|Any CPU
		Release|Any CPU = Release|Any CPU
	EndGlobalSection
	GlobalSection(ProjectConfigurationPlatforms) = postSolution
		{9A570C08-EC1E-4E6B-A60F-4FD57A56F08B}.Debug|Any CPU.ActiveCfg = Debug|Any CPU
		{9A570C08-EC1E-4E6B-A60F-4FD57A56F08B}.Debug|Any CPU.Build.0 = Debug|Any CPU
		{9A570C08-EC1E-4E6B-A60F-4FD57A56F08B}.Release|Any CPU.ActiveCfg = Release|Any CPU
		{9A570C08-EC1E-4E6B-A60F-4FD57A56F08B}.Release|Any CPU.Build.0 = Release|Any CPU
	EndGlobalSection
	GlobalSection(SolutionProperties) = preSolution
		HideSolutionNode = FALSE
	EndGlobalSection
	GlobalSection(ExtensibilityGlobals) = postSolution
		SolutionGuid = {FAA8DFAC-1878-4F2A-9D28-0E3A8153FEEE}
	EndGlobalSection
EndGlobal
